
Microsoft Visual Studio Solution File, Format Version 12.00
# Visual Studio Version 16
VisualStudioVersion = 16.0.31129.286
MinimumVisualStudioVersion = 10.0.40219.1
Project("{FAE04EC0-301F-11D3-BF4B-00C04F79EFBC}") = "WinFormsAppLaboratoriaProg2_zad5", "WinFormsAppLaboratoriaProg2_zad5\WinFormsAppLaboratoriaProg2_zad5.csproj", "{36552330-9BD0-4CEB-A9EF-A0F0E04C4FDB}"
EndProject
Global
	GlobalSection(SolutionConfigurationPlatforms) = preSolution
		Debug|Any CPU = Debug|Any CPU
		Release|Any CPU = Release|Any CPU
	EndGlobalSection
	GlobalSection(ProjectConfigurationPlatforms) = postSolution
		{36552330-9BD0-4CEB-A9EF-A0F0E04C4FDB}.Debug|Any CPU.ActiveCfg = Debug|Any CPU
		{36552330-9BD0-4CEB-A9EF-A0F0E04C4FDB}.Debug|Any CPU.Build.0 = Debug|Any CPU
		{36552330-9BD0-4CEB-A9EF-A0F0E04C4FDB}.Release|Any CPU.ActiveCfg = Release|Any CPU
		{36552330-9BD0-4CEB-A9EF-A0F0E04C4FDB}.Release|Any CPU.Build.0 = Release|Any CPU
	EndGlobalSection
	GlobalSection(SolutionProperties) = preSolution
		HideSolutionNode = FALSE
	EndGlobalSection
	GlobalSection(ExtensibilityGlobals) = postSolution
		SolutionGuid = {C6EFDF7B-963F-4701-862E-C3191C7A7F76}
	EndGlobalSection
EndGlobal
