
Microsoft Visual Studio Solution File, Format Version 12.00
# Visual Studio Version 16
VisualStudioVersion = 16.0.31129.286
MinimumVisualStudioVersion = 10.0.40219.1
Project("{FAE04EC0-301F-11D3-BF4B-00C04F79EFBC}") = "WinFormsAppLaboratoriaProg2_zad3", "WinFormsAppLaboratoriaProg2_zad3\WinFormsAppLaboratoriaProg2_zad3.csproj", "{AFB1BA12-DAFE-443B-9821-44FC687CC4A2}"
EndProject
Global
	GlobalSection(SolutionConfigurationPlatforms) = preSolution
		Debug|Any CPU = Debug|Any CPU
		Release|Any CPU = Release|Any CPU
	EndGlobalSection
	GlobalSection(ProjectConfigurationPlatforms) = postSolution
		{AFB1BA12-DAFE-443B-9821-44FC687CC4A2}.Debug|Any CPU.ActiveCfg = Debug|Any CPU
		{AFB1BA12-DAFE-443B-9821-44FC687CC4A2}.Debug|Any CPU.Build.0 = Debug|Any CPU
		{AFB1BA12-DAFE-443B-9821-44FC687CC4A2}.Release|Any CPU.ActiveCfg = Release|Any CPU
		{AFB1BA12-DAFE-443B-9821-44FC687CC4A2}.Release|Any CPU.Build.0 = Release|Any CPU
	EndGlobalSection
	GlobalSection(SolutionProperties) = preSolution
		HideSolutionNode = FALSE
	EndGlobalSection
	GlobalSection(ExtensibilityGlobals) = postSolution
		SolutionGuid = {D4FAA409-DD92-48FB-8E4D-080DBADB0CC3}
	EndGlobalSection
EndGlobal
